Microsoft Visual Studio Solution File, Format Version 12.00
# Visual Studio 2012
Project("{FAE04EC0-301F-11D3-BF4B-00C04F79EFBC}") = "Deep Dungeon", "Deep Dungeon.csproj", "{D5E8026F-2B95-4928-AB6B-73C80BA4B1E2}"
EndProject
Global
	GlobalSection(SolutionConfigurationPlatforms) = preSolution
	Debug|Any CPU = Debug|Any CPU
	ExportDebug|Any CPU = ExportDebug|Any CPU
	ExportRelease|Any CPU = ExportRelease|Any CPU
	EndGlobalSection
	GlobalSection(ProjectConfigurationPlatforms) = postSolution
		{D5E8026F-2B95-4928-AB6B-73C80BA4B1E2}.Debug|Any CPU.ActiveCfg = Debug|Any CPU
		{D5E8026F-2B95-4928-AB6B-73C80BA4B1E2}.Debug|Any CPU.Build.0 = Debug|Any CPU
		{D5E8026F-2B95-4928-AB6B-73C80BA4B1E2}.ExportDebug|Any CPU.ActiveCfg = ExportDebug|Any CPU
		{D5E8026F-2B95-4928-AB6B-73C80BA4B1E2}.ExportDebug|Any CPU.Build.0 = ExportDebug|Any CPU
		{D5E8026F-2B95-4928-AB6B-73C80BA4B1E2}.ExportRelease|Any CPU.ActiveCfg = ExportRelease|Any CPU
		{D5E8026F-2B95-4928-AB6B-73C80BA4B1E2}.ExportRelease|Any CPU.Build.0 = ExportRelease|Any CPU
	EndGlobalSection
EndGlobal
